
Microsoft Visual Studio Solution File, Format Version 12.00
# Visual Studio Version 17
VisualStudioVersion = 17.0.31903.59
MinimumVisualStudioVersion = 10.0.40219.1
Project("{2150E333-8FDC-42A3-9474-1A3956D46DE8}") = "HabitLogger", "HabitLogger", "{F89D09AE-5FC2-4A65-A678-D47A26FC0EEE}"
EndProject
Project("{FAE04EC0-301F-11D3-BF4B-00C04F79EFBC}") = "HabitLogger", "HabitLogger\HabitLogger\HabitLogger.csproj", "{98C635B9-547E-4301-A6FE-861CE7BF9AFF}"
EndProject
Global
	GlobalSection(SolutionConfigurationPlatforms) = preSolution
		Debug|Any CPU = Debug|Any CPU
		Release|Any CPU = Release|Any CPU
	EndGlobalSection
	GlobalSection(SolutionProperties) = preSolution
		HideSolutionNode = FALSE
	EndGlobalSection
	GlobalSection(ProjectConfigurationPlatforms) = postSolution
		{98C635B9-547E-4301-A6FE-861CE7BF9AFF}.Debug|Any CPU.ActiveCfg = Debug|Any CPU
		{98C635B9-547E-4301-A6FE-861CE7BF9AFF}.Debug|Any CPU.Build.0 = Debug|Any CPU
		{98C635B9-547E-4301-A6FE-861CE7BF9AFF}.Release|Any CPU.ActiveCfg = Release|Any CPU
		{98C635B9-547E-4301-A6FE-861CE7BF9AFF}.Release|Any CPU.Build.0 = Release|Any CPU
	EndGlobalSection
	GlobalSection(NestedProjects) = preSolution
		{98C635B9-547E-4301-A6FE-861CE7BF9AFF} = {F89D09AE-5FC2-4A65-A678-D47A26FC0EEE}
	EndGlobalSection
EndGlobal
